
Microsoft Visual Studio Solution File, Format Version 12.00
# Visual Studio 15
VisualStudioVersion = 15.0.26430.6
MinimumVisualStudioVersion = 10.0.40219.1
Project("{FAE04EC0-301F-11D3-BF4B-00C04F79EFBC}") = "Mathematicians", "Mathematicians\Mathematicians.csproj", "{67E4C5B2-CEDF-4E72-A3B8-AAE3EC39C356}"
EndProject
Project("{FAE04EC0-301F-11D3-BF4B-00C04F79EFBC}") = "MergableMigrations.Specification", "MergableMigrations.Specification\MergableMigrations.Specification.csproj", "{A7D7C6E3-AA73-4FF0-B303-1B828B2E3EFB}"
EndProject
Project("{FAE04EC0-301F-11D3-BF4B-00C04F79EFBC}") = "MergableMigrations.EF6", "MergableMigrations.EF6\MergableMigrations.EF6.csproj", "{6F10EF50-1323-474B-8D8D-EB48F03E3A9C}"
EndProject
Project("{FAE04EC0-301F-11D3-BF4B-00C04F79EFBC}") = "MergableMigrations.DDD", "MergableMigrations.DDD\MergableMigrations.DDD.csproj", "{FE9C23F8-B414-46AB-9EA2-8E8308157C93}"
EndProject
Global
	GlobalSection(SolutionConfigurationPlatforms) = preSolution
		Debug|Any CPU = Debug|Any CPU
		Release|Any CPU = Release|Any CPU
	EndGlobalSection
	GlobalSection(ProjectConfigurationPlatforms) = postSolution
		{67E4C5B2-CEDF-4E72-A3B8-AAE3EC39C356}.Debug|Any CPU.ActiveCfg = Debug|Any CPU
		{67E4C5B2-CEDF-4E72-A3B8-AAE3EC39C356}.Debug|Any CPU.Build.0 = Debug|Any CPU
		{67E4C5B2-CEDF-4E72-A3B8-AAE3EC39C356}.Release|Any CPU.ActiveCfg = Release|Any CPU
		{67E4C5B2-CEDF-4E72-A3B8-AAE3EC39C356}.Release|Any CPU.Build.0 = Release|Any CPU
		{A7D7C6E3-AA73-4FF0-B303-1B828B2E3EFB}.Debug|Any CPU.ActiveCfg = Debug|Any CPU
		{A7D7C6E3-AA73-4FF0-B303-1B828B2E3EFB}.Debug|Any CPU.Build.0 = Debug|Any CPU
		{A7D7C6E3-AA73-4FF0-B303-1B828B2E3EFB}.Release|Any CPU.ActiveCfg = Release|Any CPU
		{A7D7C6E3-AA73-4FF0-B303-1B828B2E3EFB}.Release|Any CPU.Build.0 = Release|Any CPU
		{6F10EF50-1323-474B-8D8D-EB48F03E3A9C}.Debug|Any CPU.ActiveCfg = Debug|Any CPU
		{6F10EF50-1323-474B-8D8D-EB48F03E3A9C}.Debug|Any CPU.Build.0 = Debug|Any CPU
		{6F10EF50-1323-474B-8D8D-EB48F03E3A9C}.Release|Any CPU.ActiveCfg = Release|Any CPU
		{6F10EF50-1323-474B-8D8D-EB48F03E3A9C}.Release|Any CPU.Build.0 = Release|Any CPU
		{FE9C23F8-B414-46AB-9EA2-8E8308157C93}.Debug|Any CPU.ActiveCfg = Debug|Any CPU
		{FE9C23F8-B414-46AB-9EA2-8E8308157C93}.Debug|Any CPU.Build.0 = Debug|Any CPU
		{FE9C23F8-B414-46AB-9EA2-8E8308157C93}.Release|Any CPU.ActiveCfg = Release|Any CPU
		{FE9C23F8-B414-46AB-9EA2-8E8308157C93}.Release|Any CPU.Build.0 = Release|Any CPU
	EndGlobalSection
	GlobalSection(SolutionProperties) = preSolution
		HideSolutionNode = FALSE
	EndGlobalSection
EndGlobal
